
Microsoft Visual Studio Solution File, Format Version 12.00
# Visual Studio Version 17
VisualStudioVersion = 17.0.31410.414
MinimumVisualStudioVersion = 10.0.40219.1
Project("{2150E333-8FDC-42A3-9474-1A3956D46DE8}") = "Solution Items", "Solution Items", "{B3FF2840-474C-4F9E-B3ED-99C39B461C22}"
	ProjectSection(SolutionItems) = preProject
		.editorconfig = .editorconfig
		.gitattributes = .gitattributes
		.gitignore = .gitignore
		.vsconfig = .vsconfig
		benchmark.ps1 = benchmark.ps1
		build.ps1 = build.ps1
		Directory.Build.props = Directory.Build.props
		Directory.Packages.props = Directory.Packages.props
		global.json = global.json
		LICENSE = LICENSE
		NuGet.config = NuGet.config
		ProjectEuler.ruleset = ProjectEuler.ruleset
		ProjectEuler.snk = ProjectEuler.snk
		README.md = README.md
		stylecop.json = stylecop.json
	EndProjectSection
EndProject
Project("{2150E333-8FDC-42A3-9474-1A3956D46DE8}") = "src", "src", "{E3E76692-0D20-468B-A0D9-19F2057527F8}"
EndProject
Project("{2150E333-8FDC-42A3-9474-1A3956D46DE8}") = "tests", "tests", "{30407F9D-80FD-45D0-9DE6-623F1600A070}"
EndProject
Project("{9A19103F-16F7-4668-BE54-9A1E7A4F7556}") = "ProjectEuler", "src\ProjectEuler\ProjectEuler.csproj", "{056F340E-16C5-4B5E-AB18-86CC481427A4}"
EndProject
Project("{9A19103F-16F7-4668-BE54-9A1E7A4F7556}") = "ProjectEuler.Tests", "tests\ProjectEuler.Tests\ProjectEuler.Tests.csproj", "{E012A77F-90D9-4CB7-8C69-A28FBD212D1B}"
EndProject
Project("{9A19103F-16F7-4668-BE54-9A1E7A4F7556}") = "ProjectEuler.Benchmarks", "tests\ProjectEuler.Benchmarks\ProjectEuler.Benchmarks.csproj", "{364C4448-57A2-4696-9D23-2AF1C65B9B7B}"
EndProject
Project("{2150E333-8FDC-42A3-9474-1A3956D46DE8}") = ".github", ".github", "{A9BCC757-8127-4BF3-B44B-C482A2555935}"
	ProjectSection(SolutionItems) = preProject
		.github\actionlint-matcher.json = .github\actionlint-matcher.json
		.github\dependabot.yml = .github\dependabot.yml
	EndProjectSection
EndProject
Project("{2150E333-8FDC-42A3-9474-1A3956D46DE8}") = "workflows", "workflows", "{AD52E729-49AF-4F5C-9611-DD51EFED3727}"
	ProjectSection(SolutionItems) = preProject
		.github\workflows\build.yml = .github\workflows\build.yml
		.github\workflows\update-dotnet-sdk.yml = .github\workflows\update-dotnet-sdk.yml
	EndProjectSection
EndProject
Global
	GlobalSection(SolutionConfigurationPlatforms) = preSolution
		Debug|Any CPU = Debug|Any CPU
		Release|Any CPU = Release|Any CPU
	EndGlobalSection
	GlobalSection(ProjectConfigurationPlatforms) = postSolution
		{056F340E-16C5-4B5E-AB18-86CC481427A4}.Debug|Any CPU.ActiveCfg = Debug|Any CPU
		{056F340E-16C5-4B5E-AB18-86CC481427A4}.Debug|Any CPU.Build.0 = Debug|Any CPU
		{056F340E-16C5-4B5E-AB18-86CC481427A4}.Release|Any CPU.ActiveCfg = Release|Any CPU
		{056F340E-16C5-4B5E-AB18-86CC481427A4}.Release|Any CPU.Build.0 = Release|Any CPU
		{E012A77F-90D9-4CB7-8C69-A28FBD212D1B}.Debug|Any CPU.ActiveCfg = Debug|Any CPU
		{E012A77F-90D9-4CB7-8C69-A28FBD212D1B}.Debug|Any CPU.Build.0 = Debug|Any CPU
		{E012A77F-90D9-4CB7-8C69-A28FBD212D1B}.Release|Any CPU.ActiveCfg = Release|Any CPU
		{E012A77F-90D9-4CB7-8C69-A28FBD212D1B}.Release|Any CPU.Build.0 = Release|Any CPU
		{364C4448-57A2-4696-9D23-2AF1C65B9B7B}.Debug|Any CPU.ActiveCfg = Debug|Any CPU
		{364C4448-57A2-4696-9D23-2AF1C65B9B7B}.Debug|Any CPU.Build.0 = Debug|Any CPU
		{364C4448-57A2-4696-9D23-2AF1C65B9B7B}.Release|Any CPU.ActiveCfg = Release|Any CPU
		{364C4448-57A2-4696-9D23-2AF1C65B9B7B}.Release|Any CPU.Build.0 = Release|Any CPU
	EndGlobalSection
	GlobalSection(SolutionProperties) = preSolution
		HideSolutionNode = FALSE
	EndGlobalSection
	GlobalSection(NestedProjects) = preSolution
		{056F340E-16C5-4B5E-AB18-86CC481427A4} = {E3E76692-0D20-468B-A0D9-19F2057527F8}
		{E012A77F-90D9-4CB7-8C69-A28FBD212D1B} = {30407F9D-80FD-45D0-9DE6-623F1600A070}
		{364C4448-57A2-4696-9D23-2AF1C65B9B7B} = {30407F9D-80FD-45D0-9DE6-623F1600A070}
		{A9BCC757-8127-4BF3-B44B-C482A2555935} = {B3FF2840-474C-4F9E-B3ED-99C39B461C22}
		{AD52E729-49AF-4F5C-9611-DD51EFED3727} = {A9BCC757-8127-4BF3-B44B-C482A2555935}
	EndGlobalSection
	GlobalSection(ExtensibilityGlobals) = postSolution
		SolutionGuid = {65473865-8D4A-4080-AA31-EEB2F2C9278A}
	EndGlobalSection
EndGlobal
